
Microsoft Visual Studio Solution File, Format Version 12.00
# Visual Studio Version 17
VisualStudioVersion = 17.0.31903.59
MinimumVisualStudioVersion = 10.0.40219.1
Project("{2150E333-8FDC-42A3-9474-1A3956D46DE8}") = "src", "src", "{827E0CD3-B72D-47B6-A68D-7590B98EB39B}"
EndProject
Project("{FAE04EC0-301F-11D3-BF4B-00C04F79EFBC}") = "HangfireWorker", "src\HangfireWorker\HangfireWorker.csproj", "{CF5B551A-EC6C-4C6D-B465-C44CCABB2004}"
EndProject
Project("{FAE04EC0-301F-11D3-BF4B-00C04F79EFBC}") = "JsonProviderMicroservice", "src\JsonProviderMicroservice\JsonProviderMicroservice.csproj", "{59BB7239-C1FD-4A47-A03C-7D1FDBBA3524}"
EndProject
Project("{FAE04EC0-301F-11D3-BF4B-00C04F79EFBC}") = "XmlProviderMicroservice", "src\XmlProviderMicroservice\XmlProviderMicroservice.csproj", "{FEE993F2-C9C2-4AF0-A248-AE4251B303FD}"
EndProject
Project("{FAE04EC0-301F-11D3-BF4B-00C04F79EFBC}") = "SearchCase.Contracts", "src\SearchCase.Contracts\SearchCase.Contracts.csproj", "{6CD1339A-8F79-4A5A-B19F-8D8B4B67F9F5}"
EndProject
Project("{FAE04EC0-301F-11D3-BF4B-00C04F79EFBC}") = "WriteService", "src\WriteService\WriteService.csproj", "{F20F9377-8D91-41EF-B48B-4DB439CF2903}"
EndProject
Global
	GlobalSection(SolutionConfigurationPlatforms) = preSolution
		Debug|Any CPU = Debug|Any CPU
		Debug|x64 = Debug|x64
		Debug|x86 = Debug|x86
		Release|Any CPU = Release|Any CPU
		Release|x64 = Release|x64
		Release|x86 = Release|x86
	EndGlobalSection
	GlobalSection(ProjectConfigurationPlatforms) = postSolution
		{CF5B551A-EC6C-4C6D-B465-C44CCABB2004}.Debug|Any CPU.ActiveCfg = Debug|Any CPU
		{CF5B551A-EC6C-4C6D-B465-C44CCABB2004}.Debug|Any CPU.Build.0 = Debug|Any CPU
		{CF5B551A-EC6C-4C6D-B465-C44CCABB2004}.Debug|x64.ActiveCfg = Debug|Any CPU
		{CF5B551A-EC6C-4C6D-B465-C44CCABB2004}.Debug|x64.Build.0 = Debug|Any CPU
		{CF5B551A-EC6C-4C6D-B465-C44CCABB2004}.Debug|x86.ActiveCfg = Debug|Any CPU
		{CF5B551A-EC6C-4C6D-B465-C44CCABB2004}.Debug|x86.Build.0 = Debug|Any CPU
		{CF5B551A-EC6C-4C6D-B465-C44CCABB2004}.Release|Any CPU.ActiveCfg = Release|Any CPU
		{CF5B551A-EC6C-4C6D-B465-C44CCABB2004}.Release|Any CPU.Build.0 = Release|Any CPU
		{CF5B551A-EC6C-4C6D-B465-C44CCABB2004}.Release|x64.ActiveCfg = Release|Any CPU
		{CF5B551A-EC6C-4C6D-B465-C44CCABB2004}.Release|x64.Build.0 = Release|Any CPU
		{CF5B551A-EC6C-4C6D-B465-C44CCABB2004}.Release|x86.ActiveCfg = Release|Any CPU
		{CF5B551A-EC6C-4C6D-B465-C44CCABB2004}.Release|x86.Build.0 = Release|Any CPU
		{59BB7239-C1FD-4A47-A03C-7D1FDBBA3524}.Debug|Any CPU.ActiveCfg = Debug|Any CPU
		{59BB7239-C1FD-4A47-A03C-7D1FDBBA3524}.Debug|Any CPU.Build.0 = Debug|Any CPU
		{59BB7239-C1FD-4A47-A03C-7D1FDBBA3524}.Debug|x64.ActiveCfg = Debug|Any CPU
		{59BB7239-C1FD-4A47-A03C-7D1FDBBA3524}.Debug|x64.Build.0 = Debug|Any CPU
		{59BB7239-C1FD-4A47-A03C-7D1FDBBA3524}.Debug|x86.ActiveCfg = Debug|Any CPU
		{59BB7239-C1FD-4A47-A03C-7D1FDBBA3524}.Debug|x86.Build.0 = Debug|Any CPU
		{59BB7239-C1FD-4A47-A03C-7D1FDBBA3524}.Release|Any CPU.ActiveCfg = Release|Any CPU
		{59BB7239-C1FD-4A47-A03C-7D1FDBBA3524}.Release|Any CPU.Build.0 = Release|Any CPU
		{59BB7239-C1FD-4A47-A03C-7D1FDBBA3524}.Release|x64.ActiveCfg = Release|Any CPU
		{59BB7239-C1FD-4A47-A03C-7D1FDBBA3524}.Release|x64.Build.0 = Release|Any CPU
		{59BB7239-C1FD-4A47-A03C-7D1FDBBA3524}.Release|x86.ActiveCfg = Release|Any CPU
		{59BB7239-C1FD-4A47-A03C-7D1FDBBA3524}.Release|x86.Build.0 = Release|Any CPU
		{FEE993F2-C9C2-4AF0-A248-AE4251B303FD}.Debug|Any CPU.ActiveCfg = Debug|Any CPU
		{FEE993F2-C9C2-4AF0-A248-AE4251B303FD}.Debug|Any CPU.Build.0 = Debug|Any CPU
		{FEE993F2-C9C2-4AF0-A248-AE4251B303FD}.Debug|x64.ActiveCfg = Debug|Any CPU
		{FEE993F2-C9C2-4AF0-A248-AE4251B303FD}.Debug|x64.Build.0 = Debug|Any CPU
		{FEE993F2-C9C2-4AF0-A248-AE4251B303FD}.Debug|x86.ActiveCfg = Debug|Any CPU
		{FEE993F2-C9C2-4AF0-A248-AE4251B303FD}.Debug|x86.Build.0 = Debug|Any CPU
		{FEE993F2-C9C2-4AF0-A248-AE4251B303FD}.Release|Any CPU.ActiveCfg = Release|Any CPU
		{FEE993F2-C9C2-4AF0-A248-AE4251B303FD}.Release|Any CPU.Build.0 = Release|Any CPU
		{FEE993F2-C9C2-4AF0-A248-AE4251B303FD}.Release|x64.ActiveCfg = Release|Any CPU
		{FEE993F2-C9C2-4AF0-A248-AE4251B303FD}.Release|x64.Build.0 = Release|Any CPU
		{FEE993F2-C9C2-4AF0-A248-AE4251B303FD}.Release|x86.ActiveCfg = Release|Any CPU
		{FEE993F2-C9C2-4AF0-A248-AE4251B303FD}.Release|x86.Build.0 = Release|Any CPU
		{6CD1339A-8F79-4A5A-B19F-8D8B4B67F9F5}.Debug|Any CPU.ActiveCfg = Debug|Any CPU
		{6CD1339A-8F79-4A5A-B19F-8D8B4B67F9F5}.Debug|Any CPU.Build.0 = Debug|Any CPU
		{6CD1339A-8F79-4A5A-B19F-8D8B4B67F9F5}.Debug|x64.ActiveCfg = Debug|Any CPU
		{6CD1339A-8F79-4A5A-B19F-8D8B4B67F9F5}.Debug|x64.Build.0 = Debug|Any CPU
		{6CD1339A-8F79-4A5A-B19F-8D8B4B67F9F5}.Debug|x86.ActiveCfg = Debug|Any CPU
		{6CD1339A-8F79-4A5A-B19F-8D8B4B67F9F5}.Debug|x86.Build.0 = Debug|Any CPU
		{6CD1339A-8F79-4A5A-B19F-8D8B4B67F9F5}.Release|Any CPU.ActiveCfg = Release|Any CPU
		{6CD1339A-8F79-4A5A-B19F-8D8B4B67F9F5}.Release|Any CPU.Build.0 = Release|Any CPU
		{6CD1339A-8F79-4A5A-B19F-8D8B4B67F9F5}.Release|x64.ActiveCfg = Release|Any CPU
		{6CD1339A-8F79-4A5A-B19F-8D8B4B67F9F5}.Release|x64.Build.0 = Release|Any CPU
		{6CD1339A-8F79-4A5A-B19F-8D8B4B67F9F5}.Release|x86.ActiveCfg = Release|Any CPU
		{6CD1339A-8F79-4A5A-B19F-8D8B4B67F9F5}.Release|x86.Build.0 = Release|Any CPU
		{F20F9377-8D91-41EF-B48B-4DB439CF2903}.Debug|Any CPU.ActiveCfg = Debug|Any CPU
		{F20F9377-8D91-41EF-B48B-4DB439CF2903}.Debug|Any CPU.Build.0 = Debug|Any CPU
		{F20F9377-8D91-41EF-B48B-4DB439CF2903}.Debug|x64.ActiveCfg = Debug|Any CPU
		{F20F9377-8D91-41EF-B48B-4DB439CF2903}.Debug|x64.Build.0 = Debug|Any CPU
		{F20F9377-8D91-41EF-B48B-4DB439CF2903}.Debug|x86.ActiveCfg = Debug|Any CPU
		{F20F9377-8D91-41EF-B48B-4DB439CF2903}.Debug|x86.Build.0 = Debug|Any CPU
		{F20F9377-8D91-41EF-B48B-4DB439CF2903}.Release|Any CPU.ActiveCfg = Release|Any CPU
		{F20F9377-8D91-41EF-B48B-4DB439CF2903}.Release|Any CPU.Build.0 = Release|Any CPU
		{F20F9377-8D91-41EF-B48B-4DB439CF2903}.Release|x64.ActiveCfg = Release|Any CPU
		{F20F9377-8D91-41EF-B48B-4DB439CF2903}.Release|x64.Build.0 = Release|Any CPU
		{F20F9377-8D91-41EF-B48B-4DB439CF2903}.Release|x86.ActiveCfg = Release|Any CPU
		{F20F9377-8D91-41EF-B48B-4DB439CF2903}.Release|x86.Build.0 = Release|Any CPU
	EndGlobalSection
	GlobalSection(SolutionProperties) = preSolution
		HideSolutionNode = FALSE
	EndGlobalSection
	GlobalSection(NestedProjects) = preSolution
		{CF5B551A-EC6C-4C6D-B465-C44CCABB2004} = {827E0CD3-B72D-47B6-A68D-7590B98EB39B}
		{59BB7239-C1FD-4A47-A03C-7D1FDBBA3524} = {827E0CD3-B72D-47B6-A68D-7590B98EB39B}
		{FEE993F2-C9C2-4AF0-A248-AE4251B303FD} = {827E0CD3-B72D-47B6-A68D-7590B98EB39B}
		{6CD1339A-8F79-4A5A-B19F-8D8B4B67F9F5} = {827E0CD3-B72D-47B6-A68D-7590B98EB39B}
		{F20F9377-8D91-41EF-B48B-4DB439CF2903} = {827E0CD3-B72D-47B6-A68D-7590B98EB39B}
	EndGlobalSection
EndGlobal
